
Microsoft Visual Studio Solution File, Format Version 12.00
# Visual Studio Version 17
VisualStudioVersion = 17.2.32616.157
MinimumVisualStudioVersion = 10.0.40219.1
Project("{FAE04EC0-301F-11D3-BF4B-00C04F79EFBC}") = "App_Hotel.Android", "App_Hotel\App_Hotel.Android\App_Hotel.Android.csproj", "{3A4A3438-B4F1-49B3-AFFD-7402E1524FBC}"
EndProject
Project("{FAE04EC0-301F-11D3-BF4B-00C04F79EFBC}") = "App_Hotel", "App_Hotel\App_Hotel\App_Hotel.csproj", "{AD5C2158-B715-40B9-8220-0B6E19CF98F4}"
EndProject
Global
	GlobalSection(SolutionConfigurationPlatforms) = preSolution
		Debug|Any CPU = Debug|Any CPU
		Release|Any CPU = Release|Any CPU
	EndGlobalSection
	GlobalSection(ProjectConfigurationPlatforms) = postSolution
		{3A4A3438-B4F1-49B3-AFFD-7402E1524FBC}.Debug|Any CPU.ActiveCfg = Debug|Any CPU
		{3A4A3438-B4F1-49B3-AFFD-7402E1524FBC}.Debug|Any CPU.Build.0 = Debug|Any CPU
		{3A4A3438-B4F1-49B3-AFFD-7402E1524FBC}.Debug|Any CPU.Deploy.0 = Debug|Any CPU
		{3A4A3438-B4F1-49B3-AFFD-7402E1524FBC}.Release|Any CPU.ActiveCfg = Release|Any CPU
		{3A4A3438-B4F1-49B3-AFFD-7402E1524FBC}.Release|Any CPU.Build.0 = Release|Any CPU
		{3A4A3438-B4F1-49B3-AFFD-7402E1524FBC}.Release|Any CPU.Deploy.0 = Release|Any CPU
		{AD5C2158-B715-40B9-8220-0B6E19CF98F4}.Debug|Any CPU.ActiveCfg = Debug|Any CPU
		{AD5C2158-B715-40B9-8220-0B6E19CF98F4}.Debug|Any CPU.Build.0 = Debug|Any CPU
		{AD5C2158-B715-40B9-8220-0B6E19CF98F4}.Debug|Any CPU.Deploy.0 = Debug|Any CPU
		{AD5C2158-B715-40B9-8220-0B6E19CF98F4}.Release|Any CPU.ActiveCfg = Release|Any CPU
		{AD5C2158-B715-40B9-8220-0B6E19CF98F4}.Release|Any CPU.Build.0 = Release|Any CPU
		{AD5C2158-B715-40B9-8220-0B6E19CF98F4}.Release|Any CPU.Deploy.0 = Release|Any CPU
	EndGlobalSection
	GlobalSection(SolutionProperties) = preSolution
		HideSolutionNode = FALSE
	EndGlobalSection
	GlobalSection(ExtensibilityGlobals) = postSolution
		SolutionGuid = {2B17684A-F056-43F1-9909-EC5014344926}
	EndGlobalSection
EndGlobal
